            action: call-service
            service: browser_mod.popup
            service_data:
              deviceID:
                - this
              title: Adblock
              style:
                '--ha-card-border-radius': 0vw 0vw 0.8vw 0.8vw
                border-radius: 0.8vw
              card:
                type: custom:vertical-stack-in-card
                cards:
                  - type: entities
                    entities:
                      - entity: sensor.placeholder
                        icon: 'mdi:'
                        name: History
                    style: |
                      ha-card {
                        margin-top: -2%;
                        margin-left: -12.2%;
                        background-color: #FFFFFF00;
                        opacity: 0.9;
                        font-weight: 500;
                      }
                  - type: history-graph
                    entities:
                      - entity: group.adblock
                    hours_to_show: 24
                    refresh_interval: 0
                    style: |
                      ha-card {
                        margin-top: -7%;
                        padding-left: 2.2%;
                        margin-bottom: -10.5%;
                      }
                  - type: entities
                    show_header_toggle: false
                    title: false
                    entities:
                      - entity: switch.pihole_sycamore_switch
                      - entity: switch.pihole_mycroft_switch
                    style: |
                      ha-card {
                        margin-top: -10.5%;
                        background: none;
                      }
